// !$*UTF8*$!
{
	archiveVersion = 1;
	classes = {
	};
	objectVersion = 50;
	objects = {

/* Begin PBXBuildFile section */
		519D866D12F5A28286620BC7 /* Pods_swift_zhou.framework in Frameworks */ = {isa = PBXBuildFile; fileRef = 10287A1A1EDCED7A60658CFA /* Pods_swift_zhou.framework */; };
		CF3F493322895D6300492C6E /* TouchIDViewController.swift in Sources */ = {isa = PBXBuildFile; fileRef = CF3F493222895D6300492C6E /* TouchIDViewController.swift */; };
		CF3F4935228961BE00492C6E /* WebServiceViewController.swift in Sources */ = {isa = PBXBuildFile; fileRef = CF3F4934228961BE00492C6E /* WebServiceViewController.swift */; };
		CF9AC6C0228546EB000F00D3 /* ZiRanListViewController.swift in Sources */ = {isa = PBXBuildFile; fileRef = CF9AC6BF228546EB000F00D3 /* ZiRanListViewController.swift */; };
		CF9AC6C2228568CD000F00D3 /* ConfigViewController.swift in Sources */ = {isa = PBXBuildFile; fileRef = CF9AC6C1228568CD000F00D3 /* ConfigViewController.swift */; };
		CF9AC6C422857588000F00D3 /* SearchViewController.swift in Sources */ = {isa = PBXBuildFile; fileRef = CF9AC6C322857588000F00D3 /* SearchViewController.swift */; };
		CFF7A56C2283C13600A375BB /* AppDelegate.m in Sources */ = {isa = PBXBuildFile; fileRef = CFF7A56B2283C13600A375BB /* AppDelegate.m */; };
		CFF7A56F2283C13600A375BB /* ViewController.m in Sources */ = {isa = PBXBuildFile; fileRef = CFF7A56E2283C13600A375BB /* ViewController.m */; };
		CFF7A5722283C13600A375BB /* Main.storyboard in Resources */ = {isa = PBXBuildFile; fileRef = CFF7A5702283C13600A375BB /* Main.storyboard */; };
		CFF7A5742283C13800A375BB /* Assets.xcassets in Resources */ = {isa = PBXBuildFile; fileRef = CFF7A5732283C13800A375BB /* Assets.xcassets */; };
		CFF7A5772283C13800A375BB /* LaunchScreen.storyboard in Resources */ = {isa = PBXBuildFile; fileRef = CFF7A5752283C13800A375BB /* LaunchScreen.storyboard */; };
		CFF7A57A2283C13800A375BB /* main.m in Sources */ = {isa = PBXBuildFile; fileRef = CFF7A5792283C13800A375BB /* main.m */; };
		CFF7A5852283CC1E00A375BB /* HomeViewController.swift in Sources */ = {isa = PBXBuildFile; fileRef = CFF7A5842283CC1E00A375BB /* HomeViewController.swift */; };
		CFF7A5872284235900A375BB /* TabBarController.swift in Sources */ = {isa = PBXBuildFile; fileRef = CFF7A5862284235900A375BB /* TabBarController.swift */; };
		CFF7A58A228423EF00A375BB /* MeViewController.swift in Sources */ = {isa = PBXBuildFile; fileRef = CFF7A589228423EF00A375BB /* MeViewController.swift */; };
/* End PBXBuildFile section */

/* Begin PBXFileReference section */
		0D1DD3599006A96BA69E7A96 /* Pods-swift_zhou.release.xcconfig */ = {isa = PBXFileReference; includeInIndex = 1; lastKnownFileType = text.xcconfig; name = "Pods-swift_zhou.release.xcconfig"; path = "Target Support Files/Pods-swift_zhou/Pods-swift_zhou.release.xcconfig"; sourceTree = "<group>"; };
		10287A1A1EDCED7A60658CFA /* Pods_swift_zhou.framework */ = {isa = PBXFileReference; explicitFileType = wrapper.framework; includeInIndex = 0; path = Pods_swift_zhou.framework; sourceTree = BUILT_PRODUCTS_DIR; };
		CF3F493222895D6300492C6E /* TouchIDViewController.swift */ = {isa = PBXFileReference; lastKnownFileType = sourcecode.swift; path = TouchIDViewController.swift; sourceTree = "<group>"; };
		CF3F4934228961BE00492C6E /* WebServiceViewController.swift */ = {isa = PBXFileReference; lastKnownFileType = sourcecode.swift; path = WebServiceViewController.swift; sourceTree = "<group>"; };
		CF9AC6BF228546EB000F00D3 /* ZiRanListViewController.swift */ = {isa = PBXFileReference; lastKnownFileType = sourcecode.swift; path = ZiRanListViewController.swift; sourceTree = "<group>"; };
		CF9AC6C1228568CD000F00D3 /* ConfigViewController.swift */ = {isa = PBXFileReference; lastKnownFileType = sourcecode.swift; path = ConfigViewController.swift; sourceTree = "<group>"; };
		CF9AC6C322857588000F00D3 /* SearchViewController.swift */ = {isa = PBXFileReference; lastKnownFileType = sourcecode.swift; path = SearchViewController.swift; sourceTree = "<group>"; };
		CFF7A5672283C13600A375BB /* swift_zhou.app */ = {isa = PBXFileReference; explicitFileType = wrapper.application; includeInIndex = 0; path = swift_zhou.app; sourceTree = BUILT_PRODUCTS_DIR; };
		CFF7A56A2283C13600A375BB /* AppDelegate.h */ = {isa = PBXFileReference; lastKnownFileType = sourcecode.c.h; path = AppDelegate.h; sourceTree = "<group>"; };
		CFF7A56B2283C13600A375BB /* AppDelegate.m */ = {isa = PBXFileReference; lastKnownFileType = sourcecode.c.objc; path = AppDelegate.m; sourceTree = "<group>"; };
		CFF7A56D2283C13600A375BB /* ViewController.h */ = {isa = PBXFileReference; lastKnownFileType = sourcecode.c.h; path = ViewController.h; sourceTree = "<group>"; };
		CFF7A56E2283C13600A375BB /* ViewController.m */ = {isa = PBXFileReference; lastKnownFileType = sourcecode.c.objc; path = ViewController.m; sourceTree = "<group>"; };
		CFF7A5712283C13600A375BB /* Base */ = {isa = PBXFileReference; lastKnownFileType = file.storyboard; name = Base; path = Base.lproj/Main.storyboard; sourceTree = "<group>"; };
		CFF7A5732283C13800A375BB /* Assets.xcassets */ = {isa = PBXFileReference; lastKnownFileType = folder.assetcatalog; path = Assets.xcassets; sourceTree = "<group>"; };
		CFF7A5762283C13800A375BB /* Base */ = {isa = PBXFileReference; lastKnownFileType = file.storyboard; name = Base; path = Base.lproj/LaunchScreen.storyboard; sourceTree = "<group>"; };
		CFF7A5782283C13800A375BB /* Info.plist */ = {isa = PBXFileReference; lastKnownFileType = text.plist.xml; path = Info.plist; sourceTree = "<group>"; };
		CFF7A5792283C13800A375BB /* main.m */ = {isa = PBXFileReference; lastKnownFileType = sourcecode.c.objc; path = main.m; sourceTree = "<group>"; };
		CFF7A5832283CC1D00A375BB /* swift_zhou-Bridging-Header.h */ = {isa = PBXFileReference; lastKnownFileType = sourcecode.c.h; path = "swift_zhou-Bridging-Header.h"; sourceTree = "<group>"; };
		CFF7A5842283CC1E00A375BB /* HomeViewController.swift */ = {isa = PBXFileReference; lastKnownFileType = sourcecode.swift; path = HomeViewController.swift; sourceTree = "<group>"; };
		CFF7A5862284235900A375BB /* TabBarController.swift */ = {isa = PBXFileReference; lastKnownFileType = sourcecode.swift; path = TabBarController.swift; sourceTree = "<group>"; };
		CFF7A589228423EF00A375BB /* MeViewController.swift */ = {isa = PBXFileReference; lastKnownFileType = sourcecode.swift; path = MeViewController.swift; sourceTree = "<group>"; };
		EA26AD19C5B616CAF45B176F /* Pods-swift_zhou.debug.xcconfig */ = {isa = PBXFileReference; includeInIndex = 1; lastKnownFileType = text.xcconfig; name = "Pods-swift_zhou.debug.xcconfig"; path = "Target Support Files/Pods-swift_zhou/Pods-swift_zhou.debug.xcconfig"; sourceTree = "<group>"; };
/* End PBXFileReference section */

/* Begin PBXFrameworksBuildPhase section */
		CFF7A5642283C13600A375BB /* Frameworks */ = {
			isa = PBXFrameworksBuildPhase;
			buildActionMask = 2147483647;
			files = (
				519D866D12F5A28286620BC7 /* Pods_swift_zhou.framework in Frameworks */,
			);
			runOnlyForDeploymentPostprocessing = 0;
		};
/* End PBXFrameworksBuildPhase section */

/* Begin PBXGroup section */
		8DC66040D1C189F65C3AAC0F /* Pods */ = {
			isa = PBXGroup;
			children = (
				EA26AD19C5B616CAF45B176F /* Pods-swift_zhou.debug.xcconfig */,
				0D1DD3599006A96BA69E7A96 /* Pods-swift_zhou.release.xcconfig */,
			);
			path = Pods;
			sourceTree = "<group>";
		};
		BB5E98C216341F7E81B0D85A /* Frameworks */ = {
			isa = PBXGroup;
			children = (
				10287A1A1EDCED7A60658CFA /* Pods_swift_zhou.framework */,
			);
			name = Frameworks;
			sourceTree = "<group>";
		};
		CF9AC6BE228546B7000F00D3 /* ImageShow */ = {
			isa = PBXGroup;
			children = (
				CF9AC6BF228546EB000F00D3 /* ZiRanListViewController.swift */,
				CF9AC6C322857588000F00D3 /* SearchViewController.swift */,
			);
			path = ImageShow;
			sourceTree = "<group>";
		};
		CFF7A55E2283C13600A375BB = {
			isa = PBXGroup;
			children = (
				CFF7A5812283CBC200A375BB /* Modules */,
				CFF7A5692283C13600A375BB /* swift_zhou */,
				CFF7A5682283C13600A375BB /* Products */,
				8DC66040D1C189F65C3AAC0F /* Pods */,
				BB5E98C216341F7E81B0D85A /* Frameworks */,
			);
			sourceTree = "<group>";
		};
		CFF7A5682283C13600A375BB /* Products */ = {
			isa = PBXGroup;
			children = (
				CFF7A5672283C13600A375BB /* swift_zhou.app */,
			);
			name = Products;
			sourceTree = "<group>";
		};
		CFF7A5692283C13600A375BB /* swift_zhou */ = {
			isa = PBXGroup;
			children = (
				CFF7A5832283CC1D00A375BB /* swift_zhou-Bridging-Header.h */,
				CFF7A56A2283C13600A375BB /* AppDelegate.h */,
				CFF7A56B2283C13600A375BB /* AppDelegate.m */,
				CFF7A56D2283C13600A375BB /* ViewController.h */,
				CFF7A56E2283C13600A375BB /* ViewController.m */,
				CFF7A5702283C13600A375BB /* Main.storyboard */,
				CFF7A5732283C13800A375BB /* Assets.xcassets */,
				CFF7A5752283C13800A375BB /* LaunchScreen.storyboard */,
				CFF7A5782283C13800A375BB /* Info.plist */,
				CFF7A5792283C13800A375BB /* main.m */,
			);
			path = swift_zhou;
			sourceTree = "<group>";
		};
		CFF7A5812283CBC200A375BB /* Modules */ = {
			isa = PBXGroup;
			children = (
				CF9AC6BE228546B7000F00D3 /* ImageShow */,
				CFF7A5822283CBD600A375BB /* Home */,
				CFF7A588228423E000A375BB /* Me */,
				CFF7A5862284235900A375BB /* TabBarController.swift */,
			);
			path = Modules;
			sourceTree = "<group>";
		};
		CFF7A5822283CBD600A375BB /* Home */ = {
			isa = PBXGroup;
			children = (
				CFF7A5842283CC1E00A375BB /* HomeViewController.swift */,
			);
			path = Home;
			sourceTree = "<group>";
		};
		CFF7A588228423E000A375BB /* Me */ = {
			isa = PBXGroup;
			children = (
				CFF7A589228423EF00A375BB /* MeViewController.swift */,
				CF9AC6C1228568CD000F00D3 /* ConfigViewController.swift */,
				CF3F493222895D6300492C6E /* TouchIDViewController.swift */,
				CF3F4934228961BE00492C6E /* WebServiceViewController.swift */,
			);
			path = Me;
			sourceTree = "<group>";
		};
/* End PBXGroup section */

/* Begin PBXNativeTarget section */
		CFF7A5662283C13600A375BB /* swift_zhou */ = {
			isa = PBXNativeTarget;
			buildConfigurationList = CFF7A57D2283C13800A375BB /* Build configuration list for PBXNativeTarget "swift_zhou" */;
			buildPhases = (
				63436C3F0C9F2A54BD5396FC /* [CP] Check Pods Manifest.lock */,
				CFF7A5632283C13600A375BB /* Sources */,
				CFF7A5642283C13600A375BB /* Frameworks */,
				CFF7A5652283C13600A375BB /* Resources */,
				B4BC42F6FA2E2A2CD0C727D1 /* [CP] Embed Pods Frameworks */,
			);
			buildRules = (
			);
			dependencies = (
			);
			name = swift_zhou;
			productName = swift_zhou;
			productReference = CFF7A5672283C13600A375BB /* swift_zhou.app */;
			productType = "com.apple.product-type.application";
		};
/* End PBXNativeTarget section */

/* Begin PBXProject section */
		CFF7A55F2283C13600A375BB /* Project object */ = {
			isa = PBXProject;
			attributes = {
				LastUpgradeCheck = 1010;
				ORGANIZATIONNAME = taiji_zq;
				TargetAttributes = {
					CFF7A5662283C13600A375BB = {
						CreatedOnToolsVersion = 10.1;
						LastSwiftMigration = 1010;
					};
				};
			};
			buildConfigurationList = CFF7A5622283C13600A375BB /* Build configuration list for PBXProject "swift_zhou" */;
			compatibilityVersion = "Xcode 9.3";
			developmentRegion = en;
			hasScannedForEncodings = 0;
			knownRegions = (
				en,
				Base,
			);
			mainGroup = CFF7A55E2283C13600A375BB;
			productRefGroup = CFF7A5682283C13600A375BB /* Products */;
			projectDirPath = "";
			projectRoot = "";
			targets = (
				CFF7A5662283C13600A375BB /* swift_zhou */,
			);
		};
/* End PBXProject section */

/* Begin PBXResourcesBuildPhase section */
		CFF7A5652283C13600A375BB /* Resources */ = {
			isa = PBXResourcesBuildPhase;
			buildActionMask = 2147483647;
			files = (
				CFF7A5772283C13800A375BB /* LaunchScreen.storyboard in Resources */,
				CFF7A5742283C13800A375BB /* Assets.xcassets in Resources */,
				CFF7A5722283C13600A375BB /* Main.storyboard in Resources */,
			);
			runOnlyForDeploymentPostprocessing = 0;
		};
/* End PBXResourcesBuildPhase section */

/* Begin PBXShellScriptBuildPhase section */
		63436C3F0C9F2A54BD5396FC /* [CP] Check Pods Manifest.lock */ = {
			isa = PBXShellScriptBuildPhase;
			buildActionMask = 2147483647;
			files = (
			);
			inputFileListPaths = (
			);
			inputPaths = (
				"${PODS_PODFILE_DIR_PATH}/Podfile.lock",
				"${PODS_ROOT}/Manifest.lock",
			);
			name = "[CP] Check Pods Manifest.lock";
			outputFileListPaths = (
			);
			outputPaths = (
				"$(DERIVED_FILE_DIR)/Pods-swift_zhou-checkManifestLockResult.txt",
			);
			runOnlyForDeploymentPostprocessing = 0;
			shellPath = /bin/sh;
			shellScript = "diff \"${PODS_PODFILE_DIR_PATH}/Podfile.lock\" \"${PODS_ROOT}/Manifest.lock\" > /dev/null\nif [ $? != 0 ] ; then\n    # print error to STDERR\n    echo \"error: The sandbox is not in sync with the Podfile.lock. Run 'pod install' or update your CocoaPods installation.\" >&2\n    exit 1\nfi\n# This output is used by Xcode 'outputs' to avoid re-running this script phase.\necho \"SUCCESS\" > \"${SCRIPT_OUTPUT_FILE_0}\"\n";
			showEnvVarsInLog = 0;
		};
		B4BC42F6FA2E2A2CD0C727D1 /* [CP] Embed Pods Frameworks */ = {
			isa = PBXShellScriptBuildPhase;
			buildActionMask = 2147483647;
			files = (
			);
			inputFileListPaths = (
			);
			inputPaths = (
				"${PODS_ROOT}/Target Support Files/Pods-swift_zhou/Pods-swift_zhou-frameworks.sh",
				"${BUILT_PRODUCTS_DIR}/Alamofire/Alamofire.framework",
				"${BUILT_PRODUCTS_DIR}/CTMediator/CTMediator.framework",
				"${BUILT_PRODUCTS_DIR}/MBProgressHUD/MBProgressHUD.framework",
				"${BUILT_PRODUCTS_DIR}/SKPhotoBrowser/SKPhotoBrowser.framework",
			);
			name = "[CP] Embed Pods Frameworks";
			outputFileListPaths = (
			);
			outputPaths = (
				"${TARGET_BUILD_DIR}/${FRAMEWORKS_FOLDER_PATH}/Alamofire.framework",
				"${TARGET_BUILD_DIR}/${FRAMEWORKS_FOLDER_PATH}/CTMediator.framework",
				"${TARGET_BUILD_DIR}/${FRAMEWORKS_FOLDER_PATH}/MBProgressHUD.framework",
				"${TARGET_BUILD_DIR}/${FRAMEWORKS_FOLDER_PATH}/SKPhotoBrowser.framework",
			);
			runOnlyForDeploymentPostprocessing = 0;
			shellPath = /bin/sh;
			shellScript = "\"${PODS_ROOT}/Target Support Files/Pods-swift_zhou/Pods-swift_zhou-frameworks.sh\"\n";
			showEnvVarsInLog = 0;
		};
/* End PBXShellScriptBuildPhase section */

/* Begin PBXSourcesBuildPhase section */
		CFF7A5632283C13600A375BB /* Sources */ = {
			isa = PBXSourcesBuildPhase;
			buildActionMask = 2147483647;
			files = (
				CFF7A58A228423EF00A375BB /* MeViewController.swift in Sources */,
				CFF7A56F2283C13600A375BB /* ViewController.m in Sources */,
				CF3F4935228961BE00492C6E /* WebServiceViewController.swift in Sources */,
				CF9AC6C2228568CD000F00D3 /* ConfigViewController.swift in Sources */,
				CF9AC6C422857588000F00D3 /* SearchViewController.swift in Sources */,
				CFF7A57A2283C13800A375BB /* main.m in Sources */,
				CFF7A56C2283C13600A375BB /* AppDelegate.m in Sources */,
				CF9AC6C0228546EB000F00D3 /* ZiRanListViewController.swift in Sources */,
				CFF7A5872284235900A375BB /* TabBarController.swift in Sources */,
				CFF7A5852283CC1E00A375BB /* HomeViewController.swift in Sources */,
				CF3F493322895D6300492C6E /* TouchIDViewController.swift in Sources */,
			);
			runOnlyForDeploymentPostprocessing = 0;
		};
/* End PBXSourcesBuildPhase section */

/* Begin PBXVariantGroup section */
		CFF7A5702283C13600A375BB /* Main.storyboard */ = {
			isa = PBXVariantGroup;
			children = (
				CFF7A5712283C13600A375BB /* Base */,
			);
			name = Main.storyboard;
			sourceTree = "<group>";
		};
		CFF7A5752283C13800A375BB /* LaunchScreen.storyboard */ = {
			isa = PBXVariantGroup;
			children = (
				CFF7A5762283C13800A375BB /* Base */,
			);
			name = LaunchScreen.storyboard;
			sourceTree = "<group>";
		};
/* End PBXVariantGroup section */

/* Begin XCBuildConfiguration section */
		CFF7A57B2283C13800A375BB /* Debug */ = {
			isa = XCBuildConfiguration;
			buildSettings = {
				ALWAYS_SEARCH_USER_PATHS = NO;
				CLANG_ANALYZER_NONNULL = YES;
				CLANG_ANALYZER_NUMBER_OBJECT_CONVERSION = YES_AGGRESSIVE;
				CLANG_CXX_LANGUAGE_STANDARD = "gnu++14";
				CLANG_CXX_LIBRARY = "libc++";
				CLANG_ENABLE_MODULES = YES;
				CLANG_ENABLE_OBJC_ARC = YES;
				CLANG_ENABLE_OBJC_WEAK = YES;
				CLANG_WARN_BLOCK_CAPTURE_AUTORELEASING = YES;
				CLANG_WARN_BOOL_CONVERSION = YES;
				CLANG_WARN_COMMA = YES;
				CLANG_WARN_CONSTANT_CONVERSION = YES;
				CLANG_WARN_DEPRECATED_OBJC_IMPLEMENTATIONS = YES;
				CLANG_WARN_DIRECT_OBJC_ISA_USAGE = YES_ERROR;
				CLANG_WARN_DOCUMENTATION_COMMENTS = YES;
				CLANG_WARN_EMPTY_BODY = YES;
				CLANG_WARN_ENUM_CONVERSION = YES;
				CLANG_WARN_INFINITE_RECURSION = YES;
				CLANG_WARN_INT_CONVERSION = YES;
				CLANG_WARN_NON_LITERAL_NULL_CONVERSION = YES;
				CLANG_WARN_OBJC_IMPLICIT_RETAIN_SELF = YES;
				CLANG_WARN_OBJC_LITERAL_CONVERSION = YES;
				CLANG_WARN_OBJC_ROOT_CLASS = YES_ERROR;
				CLANG_WARN_RANGE_LOOP_ANALYSIS = YES;
				CLANG_WARN_STRICT_PROTOTYPES = YES;
				CLANG_WARN_SUSPICIOUS_MOVE = YES;
				CLANG_WARN_UNGUARDED_AVAILABILITY = YES_AGGRESSIVE;
				CLANG_WARN_UNREACHABLE_CODE = YES;
				CLANG_WARN__DUPLICATE_METHOD_MATCH = YES;
				CODE_SIGN_IDENTITY = "iPhone Developer";
				COPY_PHASE_STRIP = NO;
				DEBUG_INFORMATION_FORMAT = dwarf;
				ENABLE_STRICT_OBJC_MSGSEND = YES;
				ENABLE_TESTABILITY = YES;
				GCC_C_LANGUAGE_STANDARD = gnu11;
				GCC_DYNAMIC_NO_PIC = NO;
				GCC_NO_COMMON_BLOCKS = YES;
				GCC_OPTIMIZATION_LEVEL = 0;
				GCC_PREPROCESSOR_DEFINITIONS = (
					"DEBUG=1",
					"$(inherited)",
				);
				GCC_WARN_64_TO_32_BIT_CONVERSION = YES;
				GCC_WARN_ABOUT_RETURN_TYPE = YES_ERROR;
				GCC_WARN_UNDECLARED_SELECTOR = YES;
				GCC_WARN_UNINITIALIZED_AUTOS = YES_AGGRESSIVE;
				GCC_WARN_UNUSED_FUNCTION = YES;
				GCC_WARN_UNUSED_VARIABLE = YES;
				IPHONEOS_DEPLOYMENT_TARGET = 12.1;
				MTL_ENABLE_DEBUG_INFO = INCLUDE_SOURCE;
				MTL_FAST_MATH = YES;
				ONLY_ACTIVE_ARCH = YES;
				SDKROOT = iphoneos;
			};
			name = Debug;
		};
		CFF7A57C2283C13800A375BB /* Release */ = {
			isa = XCBuildConfiguration;
			buildSettings = {
				ALWAYS_SEARCH_USER_PATHS = NO;
				CLANG_ANALYZER_NONNULL = YES;
				CLANG_ANALYZER_NUMBER_OBJECT_CONVERSION = YES_AGGRESSIVE;
				CLANG_CXX_LANGUAGE_STANDARD = "gnu++14";
				CLANG_CXX_LIBRARY = "libc++";
				CLANG_ENABLE_MODULES = YES;
				CLANG_ENABLE_OBJC_ARC = YES;
				CLANG_ENABLE_OBJC_WEAK = YES;
				CLANG_WARN_BLOCK_CAPTURE_AUTORELEASING = YES;
				CLANG_WARN_BOOL_CONVERSION = YES;
				CLANG_WARN_COMMA = YES;
				CLANG_WARN_CONSTANT_CONVERSION = YES;
				CLANG_WARN_DEPRECATED_OBJC_IMPLEMENTATIONS = YES;
				CLANG_WARN_DIRECT_OBJC_ISA_USAGE = YES_ERROR;
				CLANG_WARN_DOCUMENTATION_COMMENTS = YES;
				CLANG_WARN_EMPTY_BODY = YES;
				CLANG_WARN_ENUM_CONVERSION = YES;
				CLANG_WARN_INFINITE_RECURSION = YES;
				CLANG_WARN_INT_CONVERSION = YES;
				CLANG_WARN_NON_LITERAL_NULL_CONVERSION = YES;
				CLANG_WARN_OBJC_IMPLICIT_RETAIN_SELF = YES;
				CLANG_WARN_OBJC_LITERAL_CONVERSION = YES;
				CLANG_WARN_OBJC_ROOT_CLASS = YES_ERROR;
				CLANG_WARN_RANGE_LOOP_ANALYSIS = YES;
				CLANG_WARN_STRICT_PROTOTYPES = YES;
				CLANG_WARN_SUSPICIOUS_MOVE = YES;
				CLANG_WARN_UNGUARDED_AVAILABILITY = YES_AGGRESSIVE;
				CLANG_WARN_UNREACHABLE_CODE = YES;
				CLANG_WARN__DUPLICATE_METHOD_MATCH = YES;
				CODE_SIGN_IDENTITY = "iPhone Developer";
				COPY_PHASE_STRIP = NO;
				DEBUG_INFORMATION_FORMAT = "dwarf-with-dsym";
				ENABLE_NS_ASSERTIONS = NO;
				ENABLE_STRICT_OBJC_MSGSEND = YES;
				GCC_C_LANGUAGE_STANDARD = gnu11;
				GCC_NO_COMMON_BLOCKS = YES;
				GCC_WARN_64_TO_32_BIT_CONVERSION = YES;
				GCC_WARN_ABOUT_RETURN_TYPE = YES_ERROR;
				GCC_WARN_UNDECLARED_SELECTOR = YES;
				GCC_WARN_UNINITIALIZED_AUTOS = YES_AGGRESSIVE;
				GCC_WARN_UNUSED_FUNCTION = YES;
				GCC_WARN_UNUSED_VARIABLE = YES;
				IPHONEOS_DEPLOYMENT_TARGET = 12.1;
				MTL_ENABLE_DEBUG_INFO = NO;
				MTL_FAST_MATH = YES;
				SDKROOT = iphoneos;
				VALIDATE_PRODUCT = YES;
			};
			name = Release;
		};
		CFF7A57E2283C13800A375BB /* Debug */ = {
			isa = XCBuildConfiguration;
			baseConfigurationReference = EA26AD19C5B616CAF45B176F /* Pods-swift_zhou.debug.xcconfig */;
			buildSettings = {
				ASSETCATALOG_COMPILER_APPICON_NAME = AppIcon;
				CLANG_ENABLE_MODULES = YES;
				CODE_SIGN_IDENTITY = "iPhone Developer";
				CODE_SIGN_STYLE = Automatic;
				DEVELOPMENT_TEAM = JDET7L4JQ6;
				INFOPLIST_FILE = swift_zhou/Info.plist;
				LD_RUNPATH_SEARCH_PATHS = (
					"$(inherited)",
					"@executable_path/Frameworks",
				);
				PRODUCT_BUNDLE_IDENTIFIER = com.zhou.databank;
				PRODUCT_NAME = "$(TARGET_NAME)";
				PROVISIONING_PROFILE_SPECIFIER = "";
				SWIFT_OBJC_BRIDGING_HEADER = "swift_zhou/swift_zhou-Bridging-Header.h";
				SWIFT_OPTIMIZATION_LEVEL = "-Onone";
				SWIFT_VERSION = 4.2;
				TARGETED_DEVICE_FAMILY = "1,2";
			};
			name = Debug;
		};
		CFF7A57F2283C13800A375BB /* Release */ = {
			isa = XCBuildConfiguration;
			baseConfigurationReference = 0D1DD3599006A96BA69E7A96 /* Pods-swift_zhou.release.xcconfig */;
			buildSettings = {
				ASSETCATALOG_COMPILER_APPICON_NAME = AppIcon;
				CLANG_ENABLE_MODULES = YES;
				CODE_SIGN_IDENTITY = "iPhone Developer";
				CODE_SIGN_STYLE = Automatic;
				DEVELOPMENT_TEAM = JDET7L4JQ6;
				INFOPLIST_FILE = swift_zhou/Info.plist;
				LD_RUNPATH_SEARCH_PATHS = (
					"$(inherited)",
					"@executable_path/Frameworks",
				);
				PRODUCT_BUNDLE_IDENTIFIER = com.zhou.databank;
				PRODUCT_NAME = "$(TARGET_NAME)";
				PROVISIONING_PROFILE_SPECIFIER = "";
				SWIFT_OBJC_BRIDGING_HEADER = "swift_zhou/swift_zhou-Bridging-Header.h";
				SWIFT_VERSION = 4.2;
				TARGETED_DEVICE_FAMILY = "1,2";
			};
			name = Release;
		};
/* End XCBuildConfiguration section */

/* Begin XCConfigurationList section */
		CFF7A5622283C13600A375BB /* Build configuration list for PBXProject "swift_zhou" */ = {
			isa = XCConfigurationList;
			buildConfigurations = (
				CFF7A57B2283C13800A375BB /* Debug */,
				CFF7A57C2283C13800A375BB /* Release */,
			);
			defaultConfigurationIsVisible = 0;
			defaultConfigurationName = Release;
		};
		CFF7A57D2283C13800A375BB /* Build configuration list for PBXNativeTarget "swift_zhou" */ = {
			isa = XCConfigurationList;
			buildConfigurations = (
				CFF7A57E2283C13800A375BB /* Debug */,
				CFF7A57F2283C13800A375BB /* Release */,
			);
			defaultConfigurationIsVisible = 0;
			defaultConfigurationName = Release;
		};
/* End XCConfigurationList section */
	};
	rootObject = CFF7A55F2283C13600A375BB /* Project object */;
}
